
Microsoft Visual Studio Solution File, Format Version 12.00
# Visual Studio Version 17
VisualStudioVersion = 17.4.33205.214
MinimumVisualStudioVersion = 10.0.40219.1
Project("{FAE04EC0-301F-11D3-BF4B-00C04F79EFBC}") = "WebApplicationProject", "WebApplicationProject\WebApplicationProject.csproj", "{C9968680-0DD7-47F7-A4FB-60BCAAC069C0}"
EndProject
Global
	GlobalSection(SolutionConfigurationPlatforms) = preSolution
		Debug|Any CPU = Debug|Any CPU
		Release|Any CPU = Release|Any CPU
	EndGlobalSection
	GlobalSection(ProjectConfigurationPlatforms) = postSolution
		{C9968680-0DD7-47F7-A4FB-60BCAAC069C0}.Debug|Any CPU.ActiveCfg = Debug|Any CPU
		{C9968680-0DD7-47F7-A4FB-60BCAAC069C0}.Debug|Any CPU.Build.0 = Debug|Any CPU
		{C9968680-0DD7-47F7-A4FB-60BCAAC069C0}.Release|Any CPU.ActiveCfg = Release|Any CPU
		{C9968680-0DD7-47F7-A4FB-60BCAAC069C0}.Release|Any CPU.Build.0 = Release|Any CPU
	EndGlobalSection
	GlobalSection(SolutionProperties) = preSolution
		HideSolutionNode = FALSE
	EndGlobalSection
	GlobalSection(ExtensibilityGlobals) = postSolution
		SolutionGuid = {920B66B6-A4CA-4500-993E-D78D5CE7D92F}
	EndGlobalSection
EndGlobal
